
Microsoft Visual Studio Solution File, Format Version 12.00
# Visual Studio Version 17
VisualStudioVersion = 17.6.33801.468
MinimumVisualStudioVersion = 10.0.40219.1
Project("{FAE04EC0-301F-11D3-BF4B-00C04F79EFBC}") = "DataStructure", "DataStructure\DataStructure.csproj", "{FD42DB75-1FD9-46B4-AB1E-7B74EC25DC8C}"
EndProject
Global
	GlobalSection(SolutionConfigurationPlatforms) = preSolution
		Debug|Any CPU = Debug|Any CPU
		Release|Any CPU = Release|Any CPU
	EndGlobalSection
	GlobalSection(ProjectConfigurationPlatforms) = postSolution
		{FD42DB75-1FD9-46B4-AB1E-7B74EC25DC8C}.Debug|Any CPU.ActiveCfg = Debug|Any CPU
		{FD42DB75-1FD9-46B4-AB1E-7B74EC25DC8C}.Debug|Any CPU.Build.0 = Debug|Any CPU
		{FD42DB75-1FD9-46B4-AB1E-7B74EC25DC8C}.Release|Any CPU.ActiveCfg = Release|Any CPU
		{FD42DB75-1FD9-46B4-AB1E-7B74EC25DC8C}.Release|Any CPU.Build.0 = Release|Any CPU
	EndGlobalSection
	GlobalSection(SolutionProperties) = preSolution
		HideSolutionNode = FALSE
	EndGlobalSection
	GlobalSection(ExtensibilityGlobals) = postSolution
		SolutionGuid = {299DAC90-EA4A-45F3-9646-DD185C17FAE2}
	EndGlobalSection
EndGlobal
